
Microsoft Visual Studio Solution File, Format Version 12.00
# Visual Studio Version 17
VisualStudioVersion = 17.11.35312.102
MinimumVisualStudioVersion = 10.0.40219.1
Project("{FAE04EC0-301F-11D3-BF4B-00C04F79EFBC}") = "TrustIndicator_Backend", "TrustIndicator_Backend.csproj", "{3748B66F-F052-45D7-87AB-8C08FE26DC48}"
EndProject
Global
	GlobalSection(SolutionConfigurationPlatforms) = preSolution
		Debug|Any CPU = Debug|Any CPU
		Release|Any CPU = Release|Any CPU
	EndGlobalSection
	GlobalSection(ProjectConfigurationPlatforms) = postSolution
		{3748B66F-F052-45D7-87AB-8C08FE26DC48}.Debug|Any CPU.ActiveCfg = Debug|Any CPU
		{3748B66F-F052-45D7-87AB-8C08FE26DC48}.Debug|Any CPU.Build.0 = Debug|Any CPU
		{3748B66F-F052-45D7-87AB-8C08FE26DC48}.Release|Any CPU.ActiveCfg = Release|Any CPU
		{3748B66F-F052-45D7-87AB-8C08FE26DC48}.Release|Any CPU.Build.0 = Release|Any CPU
	EndGlobalSection
	GlobalSection(SolutionProperties) = preSolution
		HideSolutionNode = FALSE
	EndGlobalSection
	GlobalSection(ExtensibilityGlobals) = postSolution
		SolutionGuid = {ED7A1427-48EB-4776-8B07-87EF6B561707}
	EndGlobalSection
EndGlobal
